
Microsoft Visual Studio Solution File, Format Version 12.00
# Visual Studio Version 16
VisualStudioVersion = 16.0.30413.136
MinimumVisualStudioVersion = 10.0.40219.1
Project("{FAE04EC0-301F-11D3-BF4B-00C04F79EFBC}") = "oop1", "oop1.csproj", "{0CFC363D-6F5F-4595-9300-BE0CF81DABBC}"
EndProject
Global
	GlobalSection(SolutionConfigurationPlatforms) = preSolution
		Debug|Any CPU = Debug|Any CPU
		Release|Any CPU = Release|Any CPU
	EndGlobalSection
	GlobalSection(ProjectConfigurationPlatforms) = postSolution
		{0CFC363D-6F5F-4595-9300-BE0CF81DABBC}.Debug|Any CPU.ActiveCfg = Debug|Any CPU
		{0CFC363D-6F5F-4595-9300-BE0CF81DABBC}.Debug|Any CPU.Build.0 = Debug|Any CPU
		{0CFC363D-6F5F-4595-9300-BE0CF81DABBC}.Release|Any CPU.ActiveCfg = Release|Any CPU
		{0CFC363D-6F5F-4595-9300-BE0CF81DABBC}.Release|Any CPU.Build.0 = Release|Any CPU
	EndGlobalSection
	GlobalSection(SolutionProperties) = preSolution
		HideSolutionNode = FALSE
	EndGlobalSection
	GlobalSection(ExtensibilityGlobals) = postSolution
		SolutionGuid = {776A42BF-0171-457F-8D05-64F816FDCEB4}
	EndGlobalSection
EndGlobal
